Microsoft Visual Studio Solution File, Format Version 12.00
# Visual Studio Version 17
VisualStudioVersion = 17.5.2.0
MinimumVisualStudioVersion = 10.0.40219.1
Project("{FAE04EC0-301F-11D3-BF4B-00C04F79EFBC}") = "stub", "stub\stub.csproj", "{FA2CE4EB-04FA-D84A-9A1C-56BF5C070853}"
EndProject
Global
	GlobalSection(SolutionConfigurationPlatforms) = preSolution
		Debug|Any CPU = Debug|Any CPU
		Release|Any CPU = Release|Any CPU
	EndGlobalSection
	GlobalSection(ProjectConfigurationPlatforms) = postSolution
		{FA2CE4EB-04FA-D84A-9A1C-56BF5C070853}.Debug|Any CPU.ActiveCfg = Debug|Any CPU
		{FA2CE4EB-04FA-D84A-9A1C-56BF5C070853}.Debug|Any CPU.Build.0 = Debug|Any CPU
		{FA2CE4EB-04FA-D84A-9A1C-56BF5C070853}.Release|Any CPU.ActiveCfg = Release|Any CPU
		{FA2CE4EB-04FA-D84A-9A1C-56BF5C070853}.Release|Any CPU.Build.0 = Release|Any CPU
	EndGlobalSection
	GlobalSection(SolutionProperties) = preSolution
		HideSolutionNode = FALSE
	EndGlobalSection
	GlobalSection(ExtensibilityGlobals) = postSolution
		SolutionGuid = {68574E39-D5EC-4798-BB02-64F3277BD179}
	EndGlobalSection
EndGlobal
